// !$*UTF8*$!
{
	archiveVersion = 1;
	classes = {
	};
	objectVersion = 48;
	objects = {

/* Begin PBXBuildFile section */
		09246BB9205E8FB500CE2E8B /* AppDelegate.swift in Sources */ = {isa = PBXBuildFile; fileRef = 09246BB8205E8FB500CE2E8B /* AppDelegate.swift */; };
		09246BBB205E8FB500CE2E8B /* ViewController.swift in Sources */ = {isa = PBXBuildFile; fileRef = 09246BBA205E8FB500CE2E8B /* ViewController.swift */; };
		09246BBE205E8FB500CE2E8B /* Main.storyboard in Resources */ = {isa = PBXBuildFile; fileRef = 09246BBC205E8FB500CE2E8B /* Main.storyboard */; };
		09246BC0205E8FB500CE2E8B /* Assets.xcassets in Resources */ = {isa = PBXBuildFile; fileRef = 09246BBF205E8FB500CE2E8B /* Assets.xcassets */; };
		09246BC3205E8FB500CE2E8B /* LaunchScreen.storyboard in Resources */ = {isa = PBXBuildFile; fileRef = 09246BC1205E8FB500CE2E8B /* LaunchScreen.storyboard */; };
		09246BCE205E8FB500CE2E8B /* CanvasTests.swift in Sources */ = {isa = PBXBuildFile; fileRef = 09246BCD205E8FB500CE2E8B /* CanvasTests.swift */; };
		09246BD9205E8FB500CE2E8B /* CanvasUITests.swift in Sources */ = {isa = PBXBuildFile; fileRef = 09246BD8205E8FB500CE2E8B /* CanvasUITests.swift */; };
/* End PBXBuildFile section */

/* Begin PBXContainerItemProxy section */
		09246BCA205E8FB500CE2E8B /* PBXContainerItemProxy */ = {
			isa = PBXContainerItemProxy;
			containerPortal = 09246BAD205E8FB500CE2E8B /* Project object */;
			proxyType = 1;
			remoteGlobalIDString = 09246BB4205E8FB500CE2E8B;
			remoteInfo = Canvas;
		};
		09246BD5205E8FB500CE2E8B /* PBXContainerItemProxy */ = {
			isa = PBXContainerItemProxy;
			containerPortal = 09246BAD205E8FB500CE2E8B /* Project object */;
			proxyType = 1;
			remoteGlobalIDString = 09246BB4205E8FB500CE2E8B;
			remoteInfo = Canvas;
		};
/* End PBXContainerItemProxy section */

/* Begin PBXFileReference section */
		09246BB5205E8FB500CE2E8B /* Canvas.app */ = {isa = PBXFileReference; explicitFileType = wrapper.application; includeInIndex = 0; path = Canvas.app; sourceTree = BUILT_PRODUCTS_DIR; };
		09246BB8205E8FB500CE2E8B /* AppDelegate.swift */ = {isa = PBXFileReference; lastKnownFileType = sourcecode.swift; path = AppDelegate.swift; sourceTree = "<group>"; };
		09246BBA205E8FB500CE2E8B /* ViewController.swift */ = {isa = PBXFileReference; lastKnownFileType = sourcecode.swift; path = ViewController.swift; sourceTree = "<group>"; };
		09246BBD205E8FB500CE2E8B /* Base */ = {isa = PBXFileReference; lastKnownFileType = file.storyboard; name = Base; path = Base.lproj/Main.storyboard; sourceTree = "<group>"; };
		09246BBF205E8FB500CE2E8B /* Assets.xcassets */ = {isa = PBXFileReference; lastKnownFileType = folder.assetcatalog; path = Assets.xcassets; sourceTree = "<group>"; };
		09246BC2205E8FB500CE2E8B /* Base */ = {isa = PBXFileReference; lastKnownFileType = file.storyboard; name = Base; path = Base.lproj/LaunchScreen.storyboard; sourceTree = "<group>"; };
		09246BC4205E8FB500CE2E8B /* Info.plist */ = {isa = PBXFileReference; lastKnownFileType = text.plist.xml; path = Info.plist; sourceTree = "<group>"; };
		09246BC9205E8FB500CE2E8B /* CanvasTests.xctest */ = {isa = PBXFileReference; explicitFileType = wrapper.cfbundle; includeInIndex = 0; path = CanvasTests.xctest; sourceTree = BUILT_PRODUCTS_DIR; };
		09246BCD205E8FB500CE2E8B /* CanvasTests.swift */ = {isa = PBXFileReference; lastKnownFileType = sourcecode.swift; path = CanvasTests.swift; sourceTree = "<group>"; };
		09246BCF205E8FB500CE2E8B /* Info.plist */ = {isa = PBXFileReference; lastKnownFileType = text.plist.xml; path = Info.plist; sourceTree = "<group>"; };
		09246BD4205E8FB500CE2E8B /* CanvasUITests.xctest */ = {isa = PBXFileReference; explicitFileType = wrapper.cfbundle; includeInIndex = 0; path = CanvasUITests.xctest; sourceTree = BUILT_PRODUCTS_DIR; };
		09246BD8205E8FB500CE2E8B /* CanvasUITests.swift */ = {isa = PBXFileReference; lastKnownFileType = sourcecode.swift; path = CanvasUITests.swift; sourceTree = "<group>"; };
		09246BDA205E8FB500CE2E8B /* Info.plist */ = {isa = PBXFileReference; lastKnownFileType = text.plist.xml; path = Info.plist; sourceTree = "<group>"; };
/* End PBXFileReference section */

/* Begin PBXFrameworksBuildPhase section */
		09246BB2205E8FB500CE2E8B /* Frameworks */ = {
			isa = PBXFrameworksBuildPhase;
			buildActionMask = 2147483647;
			files = (
			);
			runOnlyForDeploymentPostprocessing = 0;
		};
		09246BC6205E8FB500CE2E8B /* Frameworks */ = {
			isa = PBXFrameworksBuildPhase;
			buildActionMask = 2147483647;
			files = (
			);
			runOnlyForDeploymentPostprocessing = 0;
		};
		09246BD1205E8FB500CE2E8B /* Frameworks */ = {
			isa = PBXFrameworksBuildPhase;
			buildActionMask = 2147483647;
			files = (
			);
			runOnlyForDeploymentPostprocessing = 0;
		};
/* End PBXFrameworksBuildPhase section */

/* Begin PBXGroup section */
		09246BAC205E8FB500CE2E8B = {
			isa = PBXGroup;
			children = (
				09246BB7205E8FB500CE2E8B /* Canvas */,
				09246BCC205E8FB500CE2E8B /* CanvasTests */,
				09246BD7205E8FB500CE2E8B /* CanvasUITests */,
				09246BB6205E8FB500CE2E8B /* Products */,
			);
			sourceTree = "<group>";
		};
		09246BB6205E8FB500CE2E8B /* Products */ = {
			isa = PBXGroup;
			children = (
				09246BB5205E8FB500CE2E8B /* Canvas.app */,
				09246BC9205E8FB500CE2E8B /* CanvasTests.xctest */,
				09246BD4205E8FB500CE2E8B /* CanvasUITests.xctest */,
			);
			name = Products;
			sourceTree = "<group>";
		};
		09246BB7205E8FB500CE2E8B /* Canvas */ = {
			isa = PBXGroup;
			children = (
				09246BB8205E8FB500CE2E8B /* AppDelegate.swift */,
				09246BBA205E8FB500CE2E8B /* ViewController.swift */,
				09246BBC205E8FB500CE2E8B /* Main.storyboard */,
				09246BBF205E8FB500CE2E8B /* Assets.xcassets */,
				09246BC1205E8FB500CE2E8B /* LaunchScreen.storyboard */,
				09246BC4205E8FB500CE2E8B /* Info.plist */,
			);
			path = Canvas;
			sourceTree = "<group>";
		};
		09246BCC205E8FB500CE2E8B /* CanvasTests */ = {
			isa = PBXGroup;
			children = (
				09246BCD205E8FB500CE2E8B /* CanvasTests.swift */,
				09246BCF205E8FB500CE2E8B /* Info.plist */,
			);
			path = CanvasTests;
			sourceTree = "<group>";
		};
		09246BD7205E8FB500CE2E8B /* CanvasUITests */ = {
			isa = PBXGroup;
			children = (
				09246BD8205E8FB500CE2E8B /* CanvasUITests.swift */,
				09246BDA205E8FB500CE2E8B /* Info.plist */,
			);
			path = CanvasUITests;
			sourceTree = "<group>";
		};
/* End PBXGroup section */

/* Begin PBXNativeTarget section */
		09246BB4205E8FB500CE2E8B /* Canvas */ = {
			isa = PBXNativeTarget;
			buildConfigurationList = 09246BDD205E8FB500CE2E8B /* Build configuration list for PBXNativeTarget "Canvas" */;
			buildPhases = (
				09246BB1205E8FB500CE2E8B /* Sources */,
				09246BB2205E8FB500CE2E8B /* Frameworks */,
				09246BB3205E8FB500CE2E8B /* Resources */,
			);
			buildRules = (
			);
			dependencies = (
			);
			name = Canvas;
			productName = Canvas;
			productReference = 09246BB5205E8FB500CE2E8B /* Canvas.app */;
			productType = "com.apple.product-type.application";
		};
		09246BC8205E8FB500CE2E8B /* CanvasTests */ = {
			isa = PBXNativeTarget;
			buildConfigurationList = 09246BE0205E8FB500CE2E8B /* Build configuration list for PBXNativeTarget "CanvasTests" */;
			buildPhases = (
				09246BC5205E8FB500CE2E8B /* Sources */,
				09246BC6205E8FB500CE2E8B /* Frameworks */,
				09246BC7205E8FB500CE2E8B /* Resources */,
			);
			buildRules = (
			);
			dependencies = (
				09246BCB205E8FB500CE2E8B /* PBXTargetDependency */,
			);
			name = CanvasTests;
			productName = CanvasTests;
			productReference = 09246BC9205E8FB500CE2E8B /* CanvasTests.xctest */;
			productType = "com.apple.product-type.bundle.unit-test";
		};
		09246BD3205E8FB500CE2E8B /* CanvasUITests */ = {
			isa = PBXNativeTarget;
			buildConfigurationList = 09246BE3205E8FB500CE2E8B /* Build configuration list for PBXNativeTarget "CanvasUITests" */;
			buildPhases = (
				09246BD0205E8FB500CE2E8B /* Sources */,
				09246BD1205E8FB500CE2E8B /* Frameworks */,
				09246BD2205E8FB500CE2E8B /* Resources */,
			);
			buildRules = (
			);
			dependencies = (
				09246BD6205E8FB500CE2E8B /* PBXTargetDependency */,
			);
			name = CanvasUITests;
			productName = CanvasUITests;
			productReference = 09246BD4205E8FB500CE2E8B /* CanvasUITests.xctest */;
			productType = "com.apple.product-type.bundle.ui-testing";
		};
/* End PBXNativeTarget section */

/* Begin PBXProject section */
		09246BAD205E8FB500CE2E8B /* Project object */ = {
			isa = PBXProject;
			attributes = {
				LastSwiftUpdateCheck = 0920;
				LastUpgradeCheck = 0920;
				ORGANIZATIONNAME = "Aayush  Gupta";
				TargetAttributes = {
					09246BB4205E8FB500CE2E8B = {
						CreatedOnToolsVersion = 9.2;
						ProvisioningStyle = Automatic;
					};
					09246BC8205E8FB500CE2E8B = {
						CreatedOnToolsVersion = 9.2;
						ProvisioningStyle = Automatic;
						TestTargetID = 09246BB4205E8FB500CE2E8B;
					};
					09246BD3205E8FB500CE2E8B = {
						CreatedOnToolsVersion = 9.2;
						ProvisioningStyle = Automatic;
						TestTargetID = 09246BB4205E8FB500CE2E8B;
					};
				};
			};
			buildConfigurationList = 09246BB0205E8FB500CE2E8B /* Build configuration list for PBXProject "Canvas" */;
			compatibilityVersion = "Xcode 8.0";
			developmentRegion = en;
			hasScannedForEncodings = 0;
			knownRegions = (
				en,
				Base,
			);
			mainGroup = 09246BAC205E8FB500CE2E8B;
			productRefGroup = 09246BB6205E8FB500CE2E8B /* Products */;
			projectDirPath = "";
			projectRoot = "";
			targets = (
				09246BB4205E8FB500CE2E8B /* Canvas */,
				09246BC8205E8FB500CE2E8B /* CanvasTests */,
				09246BD3205E8FB500CE2E8B /* CanvasUITests */,
			);
		};
/* End PBXProject section */

/* Begin PBXResourcesBuildPhase section */
		09246BB3205E8FB500CE2E8B /* Resources */ = {
			isa = PBXResourcesBuildPhase;
			buildActionMask = 2147483647;
			files = (
				09246BC3205E8FB500CE2E8B /* LaunchScreen.storyboard in Resources */,
				09246BC0205E8FB500CE2E8B /* Assets.xcassets in Resources */,
				09246BBE205E8FB500CE2E8B /* Main.storyboard in Resources */,
			);
			runOnlyForDeploymentPostprocessing = 0;
		};
		09246BC7205E8FB500CE2E8B /* Resources */ = {
			isa = PBXResourcesBuildPhase;
			buildActionMask = 2147483647;
			files = (
			);
			runOnlyForDeploymentPostprocessing = 0;
		};
		09246BD2205E8FB500CE2E8B /* Resources */ = {
			isa = PBXResourcesBuildPhase;
			buildActionMask = 2147483647;
			files = (
			);
			runOnlyForDeploymentPostprocessing = 0;
		};
/* End PBXResourcesBuildPhase section */

/* Begin PBXSourcesBuildPhase section */
		09246BB1205E8FB500CE2E8B /* Sources */ = {
			isa = PBXSourcesBuildPhase;
			buildActionMask = 2147483647;
			files = (
				09246BBB205E8FB500CE2E8B /* ViewController.swift in Sources */,
				09246BB9205E8FB500CE2E8B /* AppDelegate.swift in Sources */,
			);
			runOnlyForDeploymentPostprocessing = 0;
		};
		09246BC5205E8FB500CE2E8B /* Sources */ = {
			isa = PBXSourcesBuildPhase;
			buildActionMask = 2147483647;
			files = (
				09246BCE205E8FB500CE2E8B /* CanvasTests.swift in Sources */,
			);
			runOnlyForDeploymentPostprocessing = 0;
		};
		09246BD0205E8FB500CE2E8B /* Sources */ = {
			isa = PBXSourcesBuildPhase;
			buildActionMask = 2147483647;
			files = (
				09246BD9205E8FB500CE2E8B /* CanvasUITests.swift in Sources */,
			);
			runOnlyForDeploymentPostprocessing = 0;
		};
/* End PBXSourcesBuildPhase section */

/* Begin PBXTargetDependency section */
		09246BCB205E8FB500CE2E8B /* PBXTargetDependency */ = {
			isa = PBXTargetDependency;
			target = 09246BB4205E8FB500CE2E8B /* Canvas */;
			targetProxy = 09246BCA205E8FB500CE2E8B /* PBXContainerItemProxy */;
		};
		09246BD6205E8FB500CE2E8B /* PBXTargetDependency */ = {
			isa = PBXTargetDependency;
			target = 09246BB4205E8FB500CE2E8B /* Canvas */;
			targetProxy = 09246BD5205E8FB500CE2E8B /* PBXContainerItemProxy */;
		};
/* End PBXTargetDependency section */

/* Begin PBXVariantGroup section */
		09246BBC205E8FB500CE2E8B /* Main.storyboard */ = {
			isa = PBXVariantGroup;
			children = (
				09246BBD205E8FB500CE2E8B /* Base */,
			);
			name = Main.storyboard;
			sourceTree = "<group>";
		};
		09246BC1205E8FB500CE2E8B /* LaunchScreen.storyboard */ = {
			isa = PBXVariantGroup;
			children = (
				09246BC2205E8FB500CE2E8B /* Base */,
			);
			name = LaunchScreen.storyboard;
			sourceTree = "<group>";
		};
/* End PBXVariantGroup section */

/* Begin XCBuildConfiguration section */
		09246BDB205E8FB500CE2E8B /* Debug */ = {
			isa = XCBuildConfiguration;
			buildSettings = {
				ALWAYS_SEARCH_USER_PATHS = NO;
				CLANG_ANALYZER_NONNULL = YES;
				CLANG_ANALYZER_NUMBER_OBJECT_CONVERSION = YES_AGGRESSIVE;
				CLANG_CXX_LANGUAGE_STANDARD = "gnu++14";
				CLANG_CXX_LIBRARY = "libc++";
				CLANG_ENABLE_MODULES = YES;
				CLANG_ENABLE_OBJC_ARC = YES;
				CLANG_WARN_BLOCK_CAPTURE_AUTORELEASING = YES;
				CLANG_WARN_BOOL_CONVERSION = YES;
				CLANG_WARN_COMMA = YES;
				CLANG_WARN_CONSTANT_CONVERSION = YES;
				CLANG_WARN_DIRECT_OBJC_ISA_USAGE = YES_ERROR;
				CLANG_WARN_DOCUMENTATION_COMMENTS = YES;
				CLANG_WARN_EMPTY_BODY = YES;
				CLANG_WARN_ENUM_CONVERSION = YES;
				CLANG_WARN_INFINITE_RECURSION = YES;
				CLANG_WARN_INT_CONVERSION = YES;
				CLANG_WARN_NON_LITERAL_NULL_CONVERSION = YES;
				CLANG_WARN_OBJC_LITERAL_CONVERSION = YES;
				CLANG_WARN_OBJC_ROOT_CLASS = YES_ERROR;
				CLANG_WARN_RANGE_LOOP_ANALYSIS = YES;
				CLANG_WARN_STRICT_PROTOTYPES = YES;
				CLANG_WARN_SUSPICIOUS_MOVE = YES;
				CLANG_WARN_UNGUARDED_AVAILABILITY = YES_AGGRESSIVE;
				CLANG_WARN_UNREACHABLE_CODE = YES;
				CLANG_WARN__DUPLICATE_METHOD_MATCH = YES;
				CODE_SIGN_IDENTITY = "iPhone Developer";
				COPY_PHASE_STRIP = NO;
				DEBUG_INFORMATION_FORMAT = dwarf;
				ENABLE_STRICT_OBJC_MSGSEND = YES;
				ENABLE_TESTABILITY = YES;
				GCC_C_LANGUAGE_STANDARD = gnu11;
				GCC_DYNAMIC_NO_PIC = NO;
				GCC_NO_COMMON_BLOCKS = YES;
				GCC_OPTIMIZATION_LEVEL = 0;
				GCC_PREPROCESSOR_DEFINITIONS = (
					"DEBUG=1",
					"$(inherited)",
				);
				GCC_WARN_64_TO_32_BIT_CONVERSION = YES;
				GCC_WARN_ABOUT_RETURN_TYPE = YES_ERROR;
				GCC_WARN_UNDECLARED_SELECTOR = YES;
				GCC_WARN_UNINITIALIZED_AUTOS = YES_AGGRESSIVE;
				GCC_WARN_UNUSED_FUNCTION = YES;
				GCC_WARN_UNUSED_VARIABLE = YES;
				IPHONEOS_DEPLOYMENT_TARGET = 11.2;
				MTL_ENABLE_DEBUG_INFO = YES;
				ONLY_ACTIVE_ARCH = YES;
				SDKROOT = iphoneos;
				SWIFT_ACTIVE_COMPILATION_CONDITIONS = DEBUG;
				SWIFT_OPTIMIZATION_LEVEL = "-Onone";
			};
			name = Debug;
		};
		09246BDC205E8FB500CE2E8B /* Release */ = {
			isa = XCBuildConfiguration;
			buildSettings = {
				ALWAYS_SEARCH_USER_PATHS = NO;
				CLANG_ANALYZER_NONNULL = YES;
				CLANG_ANALYZER_NUMBER_OBJECT_CONVERSION = YES_AGGRESSIVE;
				CLANG_CXX_LANGUAGE_STANDARD = "gnu++14";
				CLANG_CXX_LIBRARY = "libc++";
				CLANG_ENABLE_MODULES = YES;
				CLANG_ENABLE_OBJC_ARC = YES;
				CLANG_WARN_BLOCK_CAPTURE_AUTORELEASING = YES;
				CLANG_WARN_BOOL_CONVERSION = YES;
				CLANG_WARN_COMMA = YES;
				CLANG_WARN_CONSTANT_CONVERSION = YES;
				CLANG_WARN_DIRECT_OBJC_ISA_USAGE = YES_ERROR;
				CLANG_WARN_DOCUMENTATION_COMMENTS = YES;
				CLANG_WARN_EMPTY_BODY = YES;
				CLANG_WARN_ENUM_CONVERSION = YES;
				CLANG_WARN_INFINITE_RECURSION = YES;
				CLANG_WARN_INT_CONVERSION = YES;
				CLANG_WARN_NON_LITERAL_NULL_CONVERSION = YES;
				CLANG_WARN_OBJC_LITERAL_CONVERSION = YES;
				CLANG_WARN_OBJC_ROOT_CLASS = YES_ERROR;
				CLANG_WARN_RANGE_LOOP_ANALYSIS = YES;
				CLANG_WARN_STRICT_PROTOTYPES = YES;
				CLANG_WARN_SUSPICIOUS_MOVE = YES;
				CLANG_WARN_UNGUARDED_AVAILABILITY = YES_AGGRESSIVE;
				CLANG_WARN_UNREACHABLE_CODE = YES;
				CLANG_WARN__DUPLICATE_METHOD_MATCH = YES;
				CODE_SIGN_IDENTITY = "iPhone Developer";
				COPY_PHASE_STRIP = NO;
				DEBUG_INFORMATION_FORMAT = "dwarf-with-dsym";
				ENABLE_NS_ASSERTIONS = NO;
				ENABLE_STRICT_OBJC_MSGSEND = YES;
				GCC_C_LANGUAGE_STANDARD = gnu11;
				GCC_NO_COMMON_BLOCKS = YES;
				GCC_WARN_64_TO_32_BIT_CONVERSION = YES;
				GCC_WARN_ABOUT_RETURN_TYPE = YES_ERROR;
				GCC_WARN_UNDECLARED_SELECTOR = YES;
				GCC_WARN_UNINITIALIZED_AUTOS = YES_AGGRESSIVE;
				GCC_WARN_UNUSED_FUNCTION = YES;
				GCC_WARN_UNUSED_VARIABLE = YES;
				IPHONEOS_DEPLOYMENT_TARGET = 11.2;
				MTL_ENABLE_DEBUG_INFO = NO;
				SDKROOT = iphoneos;
				SWIFT_OPTIMIZATION_LEVEL = "-Owholemodule";
				VALIDATE_PRODUCT = YES;
			};
			name = Release;
		};
		09246BDE205E8FB500CE2E8B /* Debug */ = {
			isa = XCBuildConfiguration;
			buildSettings = {
				ASSETCATALOG_COMPILER_APPICON_NAME = AppIcon;
				CODE_SIGN_STYLE = Automatic;
				INFOPLIST_FILE = Canvas/Info.plist;
				LD_RUNPATH_SEARCH_PATHS = "$(inherited) @executable_path/Frameworks";
				PRODUCT_BUNDLE_IDENTIFIER = Howard.Canvas;
				PRODUCT_NAME = "$(TARGET_NAME)";
				SWIFT_VERSION = 4.0;
				TARGETED_DEVICE_FAMILY = "1,2";
			};
			name = Debug;
		};
		09246BDF205E8FB500CE2E8B /* Release */ = {
			isa = XCBuildConfiguration;
			buildSettings = {
				ASSETCATALOG_COMPILER_APPICON_NAME = AppIcon;
				CODE_SIGN_STYLE = Automatic;
				INFOPLIST_FILE = Canvas/Info.plist;
				LD_RUNPATH_SEARCH_PATHS = "$(inherited) @executable_path/Frameworks";
				PRODUCT_BUNDLE_IDENTIFIER = Howard.Canvas;
				PRODUCT_NAME = "$(TARGET_NAME)";
				SWIFT_VERSION = 4.0;
				TARGETED_DEVICE_FAMILY = "1,2";
			};
			name = Release;
		};
		09246BE1205E8FB500CE2E8B /* Debug */ = {
			isa = XCBuildConfiguration;
			buildSettings = {
				ALWAYS_EMBED_SWIFT_STANDARD_LIBRARIES = YES;
				BUNDLE_LOADER = "$(TEST_HOST)";
				CODE_SIGN_STYLE = Automatic;
				INFOPLIST_FILE = CanvasTests/Info.plist;
				LD_RUNPATH_SEARCH_PATHS = "$(inherited) @executable_path/Frameworks @loader_path/Frameworks";
				PRODUCT_BUNDLE_IDENTIFIER = Howard.CanvasTests;
				PRODUCT_NAME = "$(TARGET_NAME)";
				SWIFT_VERSION = 4.0;
				TARGETED_DEVICE_FAMILY = "1,2";
				TEST_HOST = "$(BUILT_PRODUCTS_DIR)/Canvas.app/Canvas";
			};
			name = Debug;
		};
		09246BE2205E8FB500CE2E8B /* Release */ = {
			isa = XCBuildConfiguration;
			buildSettings = {
				ALWAYS_EMBED_SWIFT_STANDARD_LIBRARIES = YES;
				BUNDLE_LOADER = "$(TEST_HOST)";
				CODE_SIGN_STYLE = Automatic;
				INFOPLIST_FILE = CanvasTests/Info.plist;
				LD_RUNPATH_SEARCH_PATHS = "$(inherited) @executable_path/Frameworks @loader_path/Frameworks";
				PRODUCT_BUNDLE_IDENTIFIER = Howard.CanvasTests;
				PRODUCT_NAME = "$(TARGET_NAME)";
				SWIFT_VERSION = 4.0;
				TARGETED_DEVICE_FAMILY = "1,2";
				TEST_HOST = "$(BUILT_PRODUCTS_DIR)/Canvas.app/Canvas";
			};
			name = Release;
		};
		09246BE4205E8FB500CE2E8B /* Debug */ = {
			isa = XCBuildConfiguration;
			buildSettings = {
				ALWAYS_EMBED_SWIFT_STANDARD_LIBRARIES = YES;
				CODE_SIGN_STYLE = Automatic;
				INFOPLIST_FILE = CanvasUITests/Info.plist;
				LD_RUNPATH_SEARCH_PATHS = "$(inherited) @executable_path/Frameworks @loader_path/Frameworks";
				PRODUCT_BUNDLE_IDENTIFIER = Howard.CanvasUITests;
				PRODUCT_NAME = "$(TARGET_NAME)";
				SWIFT_VERSION = 4.0;
				TARGETED_DEVICE_FAMILY = "1,2";
				TEST_TARGET_NAME = Canvas;
			};
			name = Debug;
		};
		09246BE5205E8FB500CE2E8B /* Release */ = {
			isa = XCBuildConfiguration;
			buildSettings = {
				ALWAYS_EMBED_SWIFT_STANDARD_LIBRARIES = YES;
				CODE_SIGN_STYLE = Automatic;
				INFOPLIST_FILE = CanvasUITests/Info.plist;
				LD_RUNPATH_SEARCH_PATHS = "$(inherited) @executable_path/Frameworks @loader_path/Frameworks";
				PRODUCT_BUNDLE_IDENTIFIER = Howard.CanvasUITests;
				PRODUCT_NAME = "$(TARGET_NAME)";
				SWIFT_VERSION = 4.0;
				TARGETED_DEVICE_FAMILY = "1,2";
				TEST_TARGET_NAME = Canvas;
			};
			name = Release;
		};
/* End XCBuildConfiguration section */

/* Begin XCConfigurationList section */
		09246BB0205E8FB500CE2E8B /* Build configuration list for PBXProject "Canvas" */ = {
			isa = XCConfigurationList;
			buildConfigurations = (
				09246BDB205E8FB500CE2E8B /* Debug */,
				09246BDC205E8FB500CE2E8B /* Release */,
			);
			defaultConfigurationIsVisible = 0;
			defaultConfigurationName = Release;
		};
		09246BDD205E8FB500CE2E8B /* Build configuration list for PBXNativeTarget "Canvas" */ = {
			isa = XCConfigurationList;
			buildConfigurations = (
				09246BDE205E8FB500CE2E8B /* Debug */,
				09246BDF205E8FB500CE2E8B /* Release */,
			);
			defaultConfigurationIsVisible = 0;
			defaultConfigurationName = Release;
		};
		09246BE0205E8FB500CE2E8B /* Build configuration list for PBXNativeTarget "CanvasTests" */ = {
			isa = XCConfigurationList;
			buildConfigurations = (
				09246BE1205E8FB500CE2E8B /* Debug */,
				09246BE2205E8FB500CE2E8B /* Release */,
			);
			defaultConfigurationIsVisible = 0;
			defaultConfigurationName = Release;
		};
		09246BE3205E8FB500CE2E8B /* Build configuration list for PBXNativeTarget "CanvasUITests" */ = {
			isa = XCConfigurationList;
			buildConfigurations = (
				09246BE4205E8FB500CE2E8B /* Debug */,
				09246BE5205E8FB500CE2E8B /* Release */,
			);
			defaultConfigurationIsVisible = 0;
			defaultConfigurationName = Release;
		};
/* End XCConfigurationList section */
	};
	rootObject = 09246BAD205E8FB500CE2E8B /* Project object */;
}
